
Microsoft Visual Studio Solution File, Format Version 12.00
# Visual Studio Version 17
VisualStudioVersion = 17.2.32210.308
MinimumVisualStudioVersion = 10.0.40219.1
Project("{9A19103F-16F7-4668-BE54-9A1E7A4F7556}") = "ValourSharp.Tests", "ValourSharp.Tests\ValourSharp.Tests.csproj", "{8ED08778-02B1-4B0C-AD2F-E0070C9B4D04}"
EndProject
Project("{9A19103F-16F7-4668-BE54-9A1E7A4F7556}") = "ValourSharp", "ValourSharp\ValourSharp.csproj", "{13BD162D-3078-4D0E-8CD4-9F97F3C0DCC4}"
EndProject
Project("{9A19103F-16F7-4668-BE54-9A1E7A4F7556}") = "Valour.Api", "Valour\Valour\API\Valour.Api.csproj", "{3577585C-A6BA-4152-ACCD-385FFBD3B6A5}"
EndProject
Project("{9A19103F-16F7-4668-BE54-9A1E7A4F7556}") = "Valour.Shared", "Valour\Valour\Shared\Valour.Shared.csproj", "{E78F8FD6-6C9C-4BE3-8E95-0223E90EB5FC}"
EndProject
Global
	GlobalSection(SolutionConfigurationPlatforms) = preSolution
		Debug|Any CPU = Debug|Any CPU
		Release|Any CPU = Release|Any CPU
	EndGlobalSection
	GlobalSection(ProjectConfigurationPlatforms) = postSolution
		{8ED08778-02B1-4B0C-AD2F-E0070C9B4D04}.Debug|Any CPU.ActiveCfg = Debug|Any CPU
		{8ED08778-02B1-4B0C-AD2F-E0070C9B4D04}.Debug|Any CPU.Build.0 = Debug|Any CPU
		{8ED08778-02B1-4B0C-AD2F-E0070C9B4D04}.Release|Any CPU.ActiveCfg = Release|Any CPU
		{8ED08778-02B1-4B0C-AD2F-E0070C9B4D04}.Release|Any CPU.Build.0 = Release|Any CPU
		{13BD162D-3078-4D0E-8CD4-9F97F3C0DCC4}.Debug|Any CPU.ActiveCfg = Debug|Any CPU
		{13BD162D-3078-4D0E-8CD4-9F97F3C0DCC4}.Debug|Any CPU.Build.0 = Debug|Any CPU
		{13BD162D-3078-4D0E-8CD4-9F97F3C0DCC4}.Release|Any CPU.ActiveCfg = Release|Any CPU
		{13BD162D-3078-4D0E-8CD4-9F97F3C0DCC4}.Release|Any CPU.Build.0 = Release|Any CPU
		{3577585C-A6BA-4152-ACCD-385FFBD3B6A5}.Debug|Any CPU.ActiveCfg = Debug|Any CPU
		{3577585C-A6BA-4152-ACCD-385FFBD3B6A5}.Debug|Any CPU.Build.0 = Debug|Any CPU
		{3577585C-A6BA-4152-ACCD-385FFBD3B6A5}.Release|Any CPU.ActiveCfg = Release|Any CPU
		{3577585C-A6BA-4152-ACCD-385FFBD3B6A5}.Release|Any CPU.Build.0 = Release|Any CPU
		{E78F8FD6-6C9C-4BE3-8E95-0223E90EB5FC}.Debug|Any CPU.ActiveCfg = Debug|Any CPU
		{E78F8FD6-6C9C-4BE3-8E95-0223E90EB5FC}.Debug|Any CPU.Build.0 = Debug|Any CPU
		{E78F8FD6-6C9C-4BE3-8E95-0223E90EB5FC}.Release|Any CPU.ActiveCfg = Release|Any CPU
		{E78F8FD6-6C9C-4BE3-8E95-0223E90EB5FC}.Release|Any CPU.Build.0 = Release|Any CPU
	EndGlobalSection
	GlobalSection(SolutionProperties) = preSolution
		HideSolutionNode = FALSE
	EndGlobalSection
	GlobalSection(ExtensibilityGlobals) = postSolution
		SolutionGuid = {09C776D8-AF08-445A-9524-87F9CF515B94}
	EndGlobalSection
EndGlobal
